<?xml version="1.0" encoding="utf-8"?>
<Project ToolsVersion="4.0" xmlns="http://schemas.microsoft.com/developer/msbuild/2003">
  <ItemGroup>
    <Filter Include="Source Files">
      <UniqueIdentifier>{4FC737F1-C7A5-4376-A066-2A32D752A2FF}</UniqueIdentifier>
      <Extensions>cpp;c;cc;cxx;def;odl;idl;hpj;bat;asm;asmx</Extensions>
    </Filter>
    <Filter Include="Header Files">
      <UniqueIdentifier>{93995380-89BD-4b04-88EB-625FBE52EBFB}</UniqueIdentifier>
      <Extensions>h;hh;hpp;hxx;hm;inl;inc;xsd</Extensions>
    </Filter>
    <Filter Include="Resource Files">
      <UniqueIdentifier>{67DA6AB6-F800-4c08-8B7A-83BB121AAD01}</UniqueIdentifier>
      <Extensions>rc;ico;cur;bmp;dlg;rc2;rct;bin;rgs;gif;jpg;jpeg;jpe;resx;tiff;tif;png;wav;mfcribbon-ms</Extensions>
    </Filter>
    <Filter Include="Source Files\Object Classes">
      <UniqueIdentifier>{d4ee8892-8018-41b5-8000-cd4e9ee30b65}</UniqueIdentifier>
    </Filter>
    <Filter Include="Header Files\Object Classes">
      <UniqueIdentifier>{632966e1-a989-4c62-91d6-fcfd3b3a40b9}</UniqueIdentifier>
    </Filter>
    <Filter Include="Source Files\Managers">
      <UniqueIdentifier>{b4eea202-9dc8-41db-b81c-ac3683949710}</UniqueIdentifier>
    </Filter>
    <Filter Include="Header Files\Managers">
      <UniqueIdentifier>{a8093731-b8f8-4d54-9608-ebc1435606ed}</UniqueIdentifier>
    </Filter>
    <Filter Include="Header Files\Screens">
      <UniqueIdentifier>{f105ed14-1f2d-42b0-9a84-54ba8d728d9a}</UniqueIdentifier>
    </Filter>
    <Filter Include="Source Files\Screens">
      <UniqueIdentifier>{3924916a-4c7d-474a-b373-18e17b208b60}</UniqueIdentifier>
    </Filter>
    <Filter Include="Header Files\Additional Components">
      <UniqueIdentifier>{7e098a82-7c8c-4972-a016-ef4f67d8a073}</UniqueIdentifier>
    </Filter>
    <Filter Include="Source Files\Additional Components">
      <UniqueIdentifier>{677d2357-1274-48d1-9953-9a6ffa24b2f8}</UniqueIdentifier>
    </Filter>
    <Filter Include="Header Files\UI">
      <UniqueIdentifier>{b7377c33-b320-4156-a18c-4f362b25556a}</UniqueIdentifier>
    </Filter>
    <Filter Include="Source Files\UI">
      <UniqueIdentifier>{95d41ea6-6a80-4d5d-9aba-bcb05a95643b}</UniqueIdentifier>
    </Filter>
    <Filter Include="Header Files\Data and Content">
      <UniqueIdentifier>{e9688efe-d944-49b2-ac5f-6eb3ade84fa6}</UniqueIdentifier>
    </Filter>
    <Filter Include="Source Files\Data and Content">
      <UniqueIdentifier>{4d338cc5-b1c7-4f92-8b2a-775802e2482d}</UniqueIdentifier>
    </Filter>
    <Filter Include="Header Files\Data and Content\Screens">
      <UniqueIdentifier>{ff41fd39-8056-4cda-b376-1f8af5372d61}</UniqueIdentifier>
    </Filter>
    <Filter Include="Header Files\Data and Content\Objects">
      <UniqueIdentifier>{fa59de94-2b33-4a75-a640-406662b27d18}</UniqueIdentifier>
    </Filter>
    <Filter Include="Source Files\Data and Content\Objects">
      <UniqueIdentifier>{a331a1e3-9e5d-4075-b190-f973f39d256c}</UniqueIdentifier>
    </Filter>
    <Filter Include="Source Files\Data and Content\Screens">
      <UniqueIdentifier>{d23a9e57-861c-4803-a579-e1e40d9b5563}</UniqueIdentifier>
    </Filter>
    <Filter Include="Resource Files\XML">
      <UniqueIdentifier>{0071f7f7-f9ad-4058-b52a-1da1cdbb84af}</UniqueIdentifier>
    </Filter>
    <Filter Include="Resource Files\XML\Screens">
      <UniqueIdentifier>{69a8506a-f04b-4d10-814a-c192cf2a9fad}</UniqueIdentifier>
    </Filter>
    <Filter Include="Resource Files\SpriteFonts">
      <UniqueIdentifier>{2e57a243-e86e-43da-bd3d-d48f0fe9a406}</UniqueIdentifier>
    </Filter>
    <Filter Include="Header Files\Physics">
      <UniqueIdentifier>{0da675b9-1fd2-41f4-b59c-2724a178933a}</UniqueIdentifier>
    </Filter>
    <Filter Include="Header Files\Physics\Colliders">
      <UniqueIdentifier>{7d75f1fe-915e-479f-82fc-f90fcc493c9d}</UniqueIdentifier>
    </Filter>
    <Filter Include="Source Files\Physics">
      <UniqueIdentifier>{e292e182-9d0e-4629-8f42-57b4d8538198}</UniqueIdentifier>
    </Filter>
    <Filter Include="Source Files\Physics\Colliders">
      <UniqueIdentifier>{6b06e804-12a3-436f-8005-3969b61987a1}</UniqueIdentifier>
    </Filter>
  </ItemGroup>
  <ItemGroup>
    <ClInclude Include="pch.h">
      <Filter>Header Files</Filter>
    </ClInclude>
    <ClInclude Include="Game.h">
      <Filter>Header Files</Filter>
    </ClInclude>
    <ClInclude Include="StepTimer.h">
      <Filter>Header Files</Filter>
    </ClInclude>
    <ClInclude Include="BaseObject.h">
      <Filter>Header Files\Object Classes</Filter>
    </ClInclude>
    <ClInclude Include="ScreenManager.h">
      <Filter>Header Files\Managers</Filter>
    </ClInclude>
    <ClInclude Include="BaseScreen.h">
      <Filter>Header Files\Screens</Filter>
    </ClInclude>
    <ClInclude Include="BaseObjectManager.h">
      <Filter>Header Files\Managers</Filter>
    </ClInclude>
    <ClInclude Include="GameObject.h">
      <Filter>Header Files\Object Classes</Filter>
    </ClInclude>
    <ClInclude Include="UIObject.h">
      <Filter>Header Files\Object Classes</Filter>
    </ClInclude>
    <ClInclude Include="ScreenUIObject.h">
      <Filter>Header Files\Object Classes</Filter>
    </ClInclude>
    <ClInclude Include="InGameUIObject.h">
      <Filter>Header Files\Object Classes</Filter>
    </ClInclude>
    <ClInclude Include="GameMouse.h">
      <Filter>Header Files\Additional Components</Filter>
    </ClInclude>
    <ClInclude Include="Button.h">
      <Filter>Header Files\UI</Filter>
    </ClInclude>
    <ClInclude Include="KeyboardInput.h">
      <Filter>Header Files\Additional Components</Filter>
    </ClInclude>
    <ClInclude Include="Texture2D.h">
      <Filter>Header Files\Data and Content</Filter>
    </ClInclude>
    <ClInclude Include="tinyxml2.h">
      <Filter>Header Files\Data and Content</Filter>
    </ClInclude>
    <ClInclude Include="BaseScreenData.h">
      <Filter>Header Files\Data and Content\Screens</Filter>
    </ClInclude>
    <ClInclude Include="BaseObjectData.h">
      <Filter>Header Files\Data and Content\Objects</Filter>
    </ClInclude>
    <ClInclude Include="Camera.h">
      <Filter>Header Files\Additional Components</Filter>
    </ClInclude>
    <ClInclude Include="Collider.h">
      <Filter>Header Files\Physics\Colliders</Filter>
    </ClInclude>
    <ClInclude Include="RectangleCollider.h">
      <Filter>Header Files\Physics\Colliders</Filter>
    </ClInclude>
    <ClInclude Include="CircleCollider.h">
      <Filter>Header Files\Physics\Colliders</Filter>
    </ClInclude>
  </ItemGroup>
  <ItemGroup>
    <ClCompile Include="pch.cpp">
      <Filter>Source Files</Filter>
    </ClCompile>
    <ClCompile Include="Game.cpp">
      <Filter>Source Files</Filter>
    </ClCompile>
    <ClCompile Include="Main.cpp">
      <Filter>Source Files</Filter>
    </ClCompile>
    <ClCompile Include="BaseObject.cpp">
      <Filter>Source Files\Object Classes</Filter>
    </ClCompile>
    <ClCompile Include="ScreenManager.cpp">
      <Filter>Source Files\Managers</Filter>
    </ClCompile>
    <ClCompile Include="BaseScreen.cpp">
      <Filter>Source Files\Screens</Filter>
    </ClCompile>
    <ClCompile Include="GameObject.cpp">
      <Filter>Source Files\Object Classes</Filter>
    </ClCompile>
    <ClCompile Include="UIObject.cpp">
      <Filter>Source Files\Object Classes</Filter>
    </ClCompile>
    <ClCompile Include="ScreenUIObject.cpp">
      <Filter>Source Files\Object Classes</Filter>
    </ClCompile>
    <ClCompile Include="InGameUIObject.cpp">
      <Filter>Source Files\Object Classes</Filter>
    </ClCompile>
    <ClCompile Include="GameMouse.cpp">
      <Filter>Source Files\Additional Components</Filter>
    </ClCompile>
    <ClCompile Include="Button.cpp">
      <Filter>Source Files\UI</Filter>
    </ClCompile>
    <ClCompile Include="KeyboardInput.cpp">
      <Filter>Source Files\Additional Components</Filter>
    </ClCompile>
    <ClCompile Include="Texture2D.cpp">
      <Filter>Source Files\Data and Content</Filter>
    </ClCompile>
    <ClCompile Include="tinyxml2.cpp">
      <Filter>Source Files\Data and Content</Filter>
    </ClCompile>
    <ClCompile Include="BaseScreenData.cpp">
      <Filter>Source Files\Data and Content\Screens</Filter>
    </ClCompile>
    <ClCompile Include="BaseObjectData.cpp">
      <Filter>Source Files\Data and Content\Objects</Filter>
    </ClCompile>
    <ClCompile Include="Camera.cpp">
      <Filter>Source Files\Additional Components</Filter>
    </ClCompile>
    <ClCompile Include="Collider.cpp">
      <Filter>Source Files\Physics\Colliders</Filter>
    </ClCompile>
    <ClCompile Include="RectangleCollider.cpp">
      <Filter>Source Files\Physics\Colliders</Filter>
    </ClCompile>
    <ClCompile Include="CircleCollider.cpp">
      <Filter>Source Files\Physics\Colliders</Filter>
    </ClCompile>
  </ItemGroup>
  <ItemGroup>
    <ResourceCompile Include="resource.rc">
      <Filter>Resource Files</Filter>
    </ResourceCompile>
  </ItemGroup>
  <ItemGroup>
    <Image Include="directx.ico">
      <Filter>Resource Files</Filter>
    </Image>
    <Image Include="tribase-u3-d0.png">
      <Filter>Resource Files</Filter>
    </Image>
    <Image Include="cursor_blue.png">
      <Filter>Resource Files</Filter>
    </Image>
    <Image Include="test_background.jpg">
      <Filter>Resource Files</Filter>
    </Image>
  </ItemGroup>
  <ItemGroup>
    <Manifest Include="settings.manifest">
      <Filter>Resource Files</Filter>
    </Manifest>
  </ItemGroup>
  <ItemGroup>
    <Xml Include="TestScreenData.xml">
      <Filter>Resource Files</Filter>
    </Xml>
    <Xml Include="MainMenuBackground.xml">
      <Filter>Resource Files\XML\Screens</Filter>
    </Xml>
  </ItemGroup>
  <ItemGroup>
    <None Include="Font.spritefont">
      <Filter>Resource Files\SpriteFonts</Filter>
    </None>
  </ItemGroup>
</Project>